github.com/irniclab/nicaction/nicResponse v0.0.0-20230405120616-2ec074230def h1:dHB1YPxi/XANDjUY4eMy1z8DjKx0IqIXiljReiC92WU=
github.com/irniclab/nicaction/nicResponse v0.0.0-20230405120616-2ec074230def/go.mod h1:y7S1HmCZpVYinAkiAE94ba9KaS6iEfhQOqJ4IeYSAlI=
github.com/irniclab/nicaction/xmlRequest v0.0.0-20230403143947-efe843c00fb5 h1:qdqm//+gnGUNcjCwbV/8E0VprwXCFoVaWpAo535rgPI=
github.com/irniclab/nicaction/xmlRequest v0.0.0-20230403143947-efe843c00fb5/go.mod h1:KHXQ3J4P2Mqd2Y1Houa8OfNR1rYJG3u2Y1CBt48ON/M=
github.com/yaa110/go-persian-calendar v1.1.3 h1:nK/s7mL01l5ucTFIdeJPKqenIdtvckak+Lb9Yt2MIY4=
github.com/yaa110/go-persian-calendar v1.1.3/go.mod h1:qtnmHCS9u1EiwzzSCSttGoxD5NfV9ZMzymxFCBYmqfg=
